<?xml version="1.0" encoding="utf-8"?>
<Project ToolsVersion="4.0" xmlns="http://schemas.microsoft.com/developer/msbuild/2003">
  <ItemGroup>
    <Filter Include="소스 파일">
      <UniqueIdentifier>{4FC737F1-C7A5-4376-A066-2A32D752A2FF}</UniqueIdentifier>
      <Extensions>cpp;c;cc;cxx;c++;cppm;ixx;def;odl;idl;hpj;bat;asm;asmx</Extensions>
    </Filter>
    <Filter Include="헤더 파일">
      <UniqueIdentifier>{93995380-89BD-4b04-88EB-625FBE52EBFB}</UniqueIdentifier>
      <Extensions>h;hh;hpp;hxx;h++;hm;inl;inc;ipp;xsd</Extensions>
    </Filter>
    <Filter Include="리소스 파일">
      <UniqueIdentifier>{67DA6AB6-F800-4c08-8B7A-83BB121AAD01}</UniqueIdentifier>
      <Extensions>rc;ico;cur;bmp;dlg;rc2;rct;bin;rgs;gif;jpg;jpeg;jpe;resx;tiff;tif;png;wav;mfcribbon-ms</Extensions>
    </Filter>
    <Filter Include="소스 파일\Room">
      <UniqueIdentifier>{9b97a18b-2e87-437a-92b0-46b38d685abd}</UniqueIdentifier>
    </Filter>
    <Filter Include="소스 파일\Time">
      <UniqueIdentifier>{fce65ad6-7f01-4218-8072-8feaf5fed115}</UniqueIdentifier>
    </Filter>
    <Filter Include="소스 파일\common">
      <UniqueIdentifier>{ae4e53b2-ceab-4e5a-92f4-ad2dfba867f8}</UniqueIdentifier>
    </Filter>
    <Filter Include="소스 파일\Server">
      <UniqueIdentifier>{fd3fd021-2165-44d2-9da7-f5c9da596e68}</UniqueIdentifier>
    </Filter>
    <Filter Include="소스 파일\Server\Session">
      <UniqueIdentifier>{a5de93d8-f6ce-410d-8d5a-fa75d9d5b8a6}</UniqueIdentifier>
    </Filter>
  </ItemGroup>
  <ItemGroup>
    <ClCompile Include="main.cpp">
      <Filter>소스 파일</Filter>
    </ClCompile>
    <ClCompile Include="pch.cpp">
      <Filter>소스 파일</Filter>
    </ClCompile>
    <ClCompile Include="Room.cpp">
      <Filter>소스 파일\Room</Filter>
    </ClCompile>
    <ClCompile Include="Timer.cpp">
      <Filter>소스 파일\Time</Filter>
    </ClCompile>
    <ClCompile Include="Server.cpp">
      <Filter>소스 파일\Server</Filter>
    </ClCompile>
    <ClCompile Include="Session.cpp">
      <Filter>소스 파일\Server\Session</Filter>
    </ClCompile>
  </ItemGroup>
  <ItemGroup>
    <ClInclude Include="pch.h">
      <Filter>소스 파일</Filter>
    </ClInclude>
    <ClInclude Include="Room.h">
      <Filter>소스 파일\Room</Filter>
    </ClInclude>
    <ClInclude Include="..\..\Common\Packet.h">
      <Filter>소스 파일\common</Filter>
    </ClInclude>
    <ClInclude Include="Player.h">
      <Filter>소스 파일</Filter>
    </ClInclude>
    <ClInclude Include="Timer.h">
      <Filter>소스 파일\Time</Filter>
    </ClInclude>
    <ClInclude Include="..\..\common\Singleton.h">
      <Filter>소스 파일\common</Filter>
    </ClInclude>
    <ClInclude Include="Server.h">
      <Filter>소스 파일\Server</Filter>
    </ClInclude>
    <ClInclude Include="Session.h">
      <Filter>소스 파일\Server\Session</Filter>
    </ClInclude>
  </ItemGroup>
</Project>